// !$*UTF8*$!
{
	archiveVersion = 1;
	classes = {
	};
	objectVersion = 55;
	objects = {

/* Begin PBXBuildFile section */
		841B14FF28FF86E500EF53E7 /* GFButton.swift in Sources */ = {isa = PBXBuildFile; fileRef = 841B14FE28FF86E500EF53E7 /* GFButton.swift */; };
		841B150128FF8BC300EF53E7 /* GFTextfield.swift in Sources */ = {isa = PBXBuildFile; fileRef = 841B150028FF8BC300EF53E7 /* GFTextfield.swift */; };
		8421163E291B434400D1295C /* GFTitleLabel.swift in Sources */ = {isa = PBXBuildFile; fileRef = 8421163D291B434400D1295C /* GFTitleLabel.swift */; };
		84211640291B463500D1295C /* GFAlertViewController.swift in Sources */ = {isa = PBXBuildFile; fileRef = 8421163F291B463500D1295C /* GFAlertViewController.swift */; };
		84211642291B472F00D1295C /* GFBodyLabel.swift in Sources */ = {isa = PBXBuildFile; fileRef = 84211641291B472F00D1295C /* GFBodyLabel.swift */; };
		8480C74C28F64A3000A42B45 /* AppDelegate.swift in Sources */ = {isa = PBXBuildFile; fileRef = 8480C74B28F64A3000A42B45 /* AppDelegate.swift */; };
		8480C74E28F64A3000A42B45 /* SceneDelegate.swift in Sources */ = {isa = PBXBuildFile; fileRef = 8480C74D28F64A3000A42B45 /* SceneDelegate.swift */; };
		8480C75528F64A3100A42B45 /* Assets.xcassets in Resources */ = {isa = PBXBuildFile; fileRef = 8480C75428F64A3100A42B45 /* Assets.xcassets */; };
		8480C75828F64A3100A42B45 /* LaunchScreen.storyboard in Resources */ = {isa = PBXBuildFile; fileRef = 8480C75628F64A3100A42B45 /* LaunchScreen.storyboard */; };
		8480C76028F6727200A42B45 /* SearchVC.swift in Sources */ = {isa = PBXBuildFile; fileRef = 8480C75F28F6727200A42B45 /* SearchVC.swift */; };
		8480C76228F6729C00A42B45 /* FavoritesListVC.swift in Sources */ = {isa = PBXBuildFile; fileRef = 8480C76128F6729C00A42B45 /* FavoritesListVC.swift */; };
		84CE94852911F5B200EA7C43 /* FollowerListViewController.swift in Sources */ = {isa = PBXBuildFile; fileRef = 84CE94842911F5B200EA7C43 /* FollowerListViewController.swift */; };
/* End PBXBuildFile section */

/* Begin PBXFileReference section */
		841B14FE28FF86E500EF53E7 /* GFButton.swift */ = {isa = PBXFileReference; lastKnownFileType = sourcecode.swift; path = GFButton.swift; sourceTree = "<group>"; };
		841B150028FF8BC300EF53E7 /* GFTextfield.swift */ = {isa = PBXFileReference; lastKnownFileType = sourcecode.swift; path = GFTextfield.swift; sourceTree = "<group>"; };
		8421163D291B434400D1295C /* GFTitleLabel.swift */ = {isa = PBXFileReference; lastKnownFileType = sourcecode.swift; path = GFTitleLabel.swift; sourceTree = "<group>"; };
		8421163F291B463500D1295C /* GFAlertViewController.swift */ = {isa = PBXFileReference; lastKnownFileType = sourcecode.swift; path = GFAlertViewController.swift; sourceTree = "<group>"; };
		84211641291B472F00D1295C /* GFBodyLabel.swift */ = {isa = PBXFileReference; lastKnownFileType = sourcecode.swift; path = GFBodyLabel.swift; sourceTree = "<group>"; };
		8480C74828F64A3000A42B45 /* GitHub Followers.app */ = {isa = PBXFileReference; explicitFileType = wrapper.application; includeInIndex = 0; path = "GitHub Followers.app"; sourceTree = BUILT_PRODUCTS_DIR; };
		8480C74B28F64A3000A42B45 /* AppDelegate.swift */ = {isa = PBXFileReference; lastKnownFileType = sourcecode.swift; path = AppDelegate.swift; sourceTree = "<group>"; };
		8480C74D28F64A3000A42B45 /* SceneDelegate.swift */ = {isa = PBXFileReference; lastKnownFileType = sourcecode.swift; path = SceneDelegate.swift; sourceTree = "<group>"; };
		8480C75428F64A3100A42B45 /* Assets.xcassets */ = {isa = PBXFileReference; lastKnownFileType = folder.assetcatalog; path = Assets.xcassets; sourceTree = "<group>"; };
		8480C75728F64A3100A42B45 /* Base */ = {isa = PBXFileReference; lastKnownFileType = file.storyboard; name = Base; path = Base.lproj/LaunchScreen.storyboard; sourceTree = "<group>"; };
		8480C75928F64A3100A42B45 /* Info.plist */ = {isa = PBXFileReference; lastKnownFileType = text.plist.xml; path = Info.plist; sourceTree = "<group>"; };
		8480C75F28F6727200A42B45 /* SearchVC.swift */ = {isa = PBXFileReference; lastKnownFileType = sourcecode.swift; path = SearchVC.swift; sourceTree = "<group>"; };
		8480C76128F6729C00A42B45 /* FavoritesListVC.swift */ = {isa = PBXFileReference; lastKnownFileType = sourcecode.swift; path = FavoritesListVC.swift; sourceTree = "<group>"; };
		84CE94842911F5B200EA7C43 /* FollowerListViewController.swift */ = {isa = PBXFileReference; lastKnownFileType = sourcecode.swift; path = FollowerListViewController.swift; sourceTree = "<group>"; };
/* End PBXFileReference section */

/* Begin PBXFrameworksBuildPhase section */
		8480C74528F64A3000A42B45 /* Frameworks */ = {
			isa = PBXFrameworksBuildPhase;
			buildActionMask = 2147483647;
			files = (
			);
			runOnlyForDeploymentPostprocessing = 0;
		};
/* End PBXFrameworksBuildPhase section */

/* Begin PBXGroup section */
		841B150229024D9E00EF53E7 /* Components */ = {
			isa = PBXGroup;
			children = (
				841B14FE28FF86E500EF53E7 /* GFButton.swift */,
				841B150028FF8BC300EF53E7 /* GFTextfield.swift */,
			);
			path = Components;
			sourceTree = "<group>";
		};
		841B150329024DC500EF53E7 /* View Controllers */ = {
			isa = PBXGroup;
			children = (
				84CE94842911F5B200EA7C43 /* FollowerListViewController.swift */,
				8480C75F28F6727200A42B45 /* SearchVC.swift */,
				8480C76128F6729C00A42B45 /* FavoritesListVC.swift */,
			);
			path = "View Controllers";
			sourceTree = "<group>";
		};
		8480C73F28F64A3000A42B45 = {
			isa = PBXGroup;
			children = (
				84211641291B472F00D1295C /* GFBodyLabel.swift */,
				8421163F291B463500D1295C /* GFAlertViewController.swift */,
				8421163D291B434400D1295C /* GFTitleLabel.swift */,
				8480C74A28F64A3000A42B45 /* GitHub Followers */,
				8480C74928F64A3000A42B45 /* Products */,
			);
			sourceTree = "<group>";
		};
		8480C74928F64A3000A42B45 /* Products */ = {
			isa = PBXGroup;
			children = (
				8480C74828F64A3000A42B45 /* GitHub Followers.app */,
			);
			name = Products;
			sourceTree = "<group>";
		};
		8480C74A28F64A3000A42B45 /* GitHub Followers */ = {
			isa = PBXGroup;
			children = (
				8480C74B28F64A3000A42B45 /* AppDelegate.swift */,
				8480C74D28F64A3000A42B45 /* SceneDelegate.swift */,
				841B150329024DC500EF53E7 /* View Controllers */,
				8480C75428F64A3100A42B45 /* Assets.xcassets */,
				8480C75628F64A3100A42B45 /* LaunchScreen.storyboard */,
				8480C75928F64A3100A42B45 /* Info.plist */,
				841B150229024D9E00EF53E7 /* Components */,
			);
			path = "GitHub Followers";
			sourceTree = "<group>";
		};
/* End PBXGroup section */

/* Begin PBXNativeTarget section */
		8480C74728F64A3000A42B45 /* GitHub Followers */ = {
			isa = PBXNativeTarget;
			buildConfigurationList = 8480C75C28F64A3100A42B45 /* Build configuration list for PBXNativeTarget "GitHub Followers" */;
			buildPhases = (
				8480C74428F64A3000A42B45 /* Sources */,
				8480C74528F64A3000A42B45 /* Frameworks */,
				8480C74628F64A3000A42B45 /* Resources */,
			);
			buildRules = (
			);
			dependencies = (
			);
			name = "GitHub Followers";
			productName = "GitHub Followers";
			productReference = 8480C74828F64A3000A42B45 /* GitHub Followers.app */;
			productType = "com.apple.product-type.application";
		};
/* End PBXNativeTarget section */

/* Begin PBXProject section */
		8480C74028F64A3000A42B45 /* Project object */ = {
			isa = PBXProject;
			attributes = {
				BuildIndependentTargetsInParallel = 1;
				LastSwiftUpdateCheck = 1320;
				LastUpgradeCheck = 1320;
				TargetAttributes = {
					8480C74728F64A3000A42B45 = {
						CreatedOnToolsVersion = 13.2.1;
					};
				};
			};
			buildConfigurationList = 8480C74328F64A3000A42B45 /* Build configuration list for PBXProject "GitHub Followers" */;
			compatibilityVersion = "Xcode 13.0";
			developmentRegion = en;
			hasScannedForEncodings = 0;
			knownRegions = (
				en,
				Base,
			);
			mainGroup = 8480C73F28F64A3000A42B45;
			productRefGroup = 8480C74928F64A3000A42B45 /* Products */;
			projectDirPath = "";
			projectRoot = "";
			targets = (
				8480C74728F64A3000A42B45 /* GitHub Followers */,
			);
		};
/* End PBXProject section */

/* Begin PBXResourcesBuildPhase section */
		8480C74628F64A3000A42B45 /* Resources */ = {
			isa = PBXResourcesBuildPhase;
			buildActionMask = 2147483647;
			files = (
				8480C75828F64A3100A42B45 /* LaunchScreen.storyboard in Resources */,
				8480C75528F64A3100A42B45 /* Assets.xcassets in Resources */,
			);
			runOnlyForDeploymentPostprocessing = 0;
		};
/* End PBXResourcesBuildPhase section */

/* Begin PBXSourcesBuildPhase section */
		8480C74428F64A3000A42B45 /* Sources */ = {
			isa = PBXSourcesBuildPhase;
			buildActionMask = 2147483647;
			files = (
				841B150128FF8BC300EF53E7 /* GFTextfield.swift in Sources */,
				8480C76228F6729C00A42B45 /* FavoritesListVC.swift in Sources */,
				841B14FF28FF86E500EF53E7 /* GFButton.swift in Sources */,
				84CE94852911F5B200EA7C43 /* FollowerListViewController.swift in Sources */,
				84211640291B463500D1295C /* GFAlertViewController.swift in Sources */,
				8421163E291B434400D1295C /* GFTitleLabel.swift in Sources */,
				8480C76028F6727200A42B45 /* SearchVC.swift in Sources */,
				8480C74C28F64A3000A42B45 /* AppDelegate.swift in Sources */,
				8480C74E28F64A3000A42B45 /* SceneDelegate.swift in Sources */,
				84211642291B472F00D1295C /* GFBodyLabel.swift in Sources */,
			);
			runOnlyForDeploymentPostprocessing = 0;
		};
/* End PBXSourcesBuildPhase section */

/* Begin PBXVariantGroup section */
		8480C75628F64A3100A42B45 /* LaunchScreen.storyboard */ = {
			isa = PBXVariantGroup;
			children = (
				8480C75728F64A3100A42B45 /* Base */,
			);
			name = LaunchScreen.storyboard;
			sourceTree = "<group>";
		};
/* End PBXVariantGroup section */

/* Begin XCBuildConfiguration section */
		8480C75A28F64A3100A42B45 /* Debug */ = {
			isa = XCBuildConfiguration;
			buildSettings = {
				ALWAYS_SEARCH_USER_PATHS = NO;
				CLANG_ANALYZER_NONNULL = YES;
				CLANG_ANALYZER_NUMBER_OBJECT_CONVERSION = YES_AGGRESSIVE;
				CLANG_CXX_LANGUAGE_STANDARD = "gnu++17";
				CLANG_CXX_LIBRARY = "libc++";
				CLANG_ENABLE_MODULES = YES;
				CLANG_ENABLE_OBJC_ARC = YES;
				CLANG_ENABLE_OBJC_WEAK = YES;
				CLANG_WARN_BLOCK_CAPTURE_AUTORELEASING = YES;
				CLANG_WARN_BOOL_CONVERSION = YES;
				CLANG_WARN_COMMA = YES;
				CLANG_WARN_CONSTANT_CONVERSION = YES;
				CLANG_WARN_DEPRECATED_OBJC_IMPLEMENTATIONS = YES;
				CLANG_WARN_DIRECT_OBJC_ISA_USAGE = YES_ERROR;
				CLANG_WARN_DOCUMENTATION_COMMENTS = YES;
				CLANG_WARN_EMPTY_BODY = YES;
				CLANG_WARN_ENUM_CONVERSION = YES;
				CLANG_WARN_INFINITE_RECURSION = YES;
				CLANG_WARN_INT_CONVERSION = YES;
				CLANG_WARN_NON_LITERAL_NULL_CONVERSION = YES;
				CLANG_WARN_OBJC_IMPLICIT_RETAIN_SELF = YES;
				CLANG_WARN_OBJC_LITERAL_CONVERSION = YES;
				CLANG_WARN_OBJC_ROOT_CLASS = YES_ERROR;
				CLANG_WARN_QUOTED_INCLUDE_IN_FRAMEWORK_HEADER = YES;
				CLANG_WARN_RANGE_LOOP_ANALYSIS = YES;
				CLANG_WARN_STRICT_PROTOTYPES = YES;
				CLANG_WARN_SUSPICIOUS_MOVE = YES;
				CLANG_WARN_UNGUARDED_AVAILABILITY = YES_AGGRESSIVE;
				CLANG_WARN_UNREACHABLE_CODE = YES;
				CLANG_WARN__DUPLICATE_METHOD_MATCH = YES;
				COPY_PHASE_STRIP = NO;
				DEBUG_INFORMATION_FORMAT = dwarf;
				ENABLE_STRICT_OBJC_MSGSEND = YES;
				ENABLE_TESTABILITY = YES;
				GCC_C_LANGUAGE_STANDARD = gnu11;
				GCC_DYNAMIC_NO_PIC = NO;
				GCC_NO_COMMON_BLOCKS = YES;
				GCC_OPTIMIZATION_LEVEL = 0;
				GCC_PREPROCESSOR_DEFINITIONS = (
					"DEBUG=1",
					"$(inherited)",
				);
				GCC_WARN_64_TO_32_BIT_CONVERSION = YES;
				GCC_WARN_ABOUT_RETURN_TYPE = YES_ERROR;
				GCC_WARN_UNDECLARED_SELECTOR = YES;
				GCC_WARN_UNINITIALIZED_AUTOS = YES_AGGRESSIVE;
				GCC_WARN_UNUSED_FUNCTION = YES;
				GCC_WARN_UNUSED_VARIABLE = YES;
				IPHONEOS_DEPLOYMENT_TARGET = 15.2;
				MTL_ENABLE_DEBUG_INFO = INCLUDE_SOURCE;
				MTL_FAST_MATH = YES;
				ONLY_ACTIVE_ARCH = YES;
				SDKROOT = iphoneos;
				SWIFT_ACTIVE_COMPILATION_CONDITIONS = DEBUG;
				SWIFT_OPTIMIZATION_LEVEL = "-Onone";
			};
			name = Debug;
		};
		8480C75B28F64A3100A42B45 /* Release */ = {
			isa = XCBuildConfiguration;
			buildSettings = {
				ALWAYS_SEARCH_USER_PATHS = NO;
				CLANG_ANALYZER_NONNULL = YES;
				CLANG_ANALYZER_NUMBER_OBJECT_CONVERSION = YES_AGGRESSIVE;
				CLANG_CXX_LANGUAGE_STANDARD = "gnu++17";
				CLANG_CXX_LIBRARY = "libc++";
				CLANG_ENABLE_MODULES = YES;
				CLANG_ENABLE_OBJC_ARC = YES;
				CLANG_ENABLE_OBJC_WEAK = YES;
				CLANG_WARN_BLOCK_CAPTURE_AUTORELEASING = YES;
				CLANG_WARN_BOOL_CONVERSION = YES;
				CLANG_WARN_COMMA = YES;
				CLANG_WARN_CONSTANT_CONVERSION = YES;
				CLANG_WARN_DEPRECATED_OBJC_IMPLEMENTATIONS = YES;
				CLANG_WARN_DIRECT_OBJC_ISA_USAGE = YES_ERROR;
				CLANG_WARN_DOCUMENTATION_COMMENTS = YES;
				CLANG_WARN_EMPTY_BODY = YES;
				CLANG_WARN_ENUM_CONVERSION = YES;
				CLANG_WARN_INFINITE_RECURSION = YES;
				CLANG_WARN_INT_CONVERSION = YES;
				CLANG_WARN_NON_LITERAL_NULL_CONVERSION = YES;
				CLANG_WARN_OBJC_IMPLICIT_RETAIN_SELF = YES;
				CLANG_WARN_OBJC_LITERAL_CONVERSION = YES;
				CLANG_WARN_OBJC_ROOT_CLASS = YES_ERROR;
				CLANG_WARN_QUOTED_INCLUDE_IN_FRAMEWORK_HEADER = YES;
				CLANG_WARN_RANGE_LOOP_ANALYSIS = YES;
				CLANG_WARN_STRICT_PROTOTYPES = YES;
				CLANG_WARN_SUSPICIOUS_MOVE = YES;
				CLANG_WARN_UNGUARDED_AVAILABILITY = YES_AGGRESSIVE;
				CLANG_WARN_UNREACHABLE_CODE = YES;
				CLANG_WARN__DUPLICATE_METHOD_MATCH = YES;
				COPY_PHASE_STRIP = NO;
				DEBUG_INFORMATION_FORMAT = "dwarf-with-dsym";
				ENABLE_NS_ASSERTIONS = NO;
				ENABLE_STRICT_OBJC_MSGSEND = YES;
				GCC_C_LANGUAGE_STANDARD = gnu11;
				GCC_NO_COMMON_BLOCKS = YES;
				GCC_WARN_64_TO_32_BIT_CONVERSION = YES;
				GCC_WARN_ABOUT_RETURN_TYPE = YES_ERROR;
				GCC_WARN_UNDECLARED_SELECTOR = YES;
				GCC_WARN_UNINITIALIZED_AUTOS = YES_AGGRESSIVE;
				GCC_WARN_UNUSED_FUNCTION = YES;
				GCC_WARN_UNUSED_VARIABLE = YES;
				IPHONEOS_DEPLOYMENT_TARGET = 15.2;
				MTL_ENABLE_DEBUG_INFO = NO;
				MTL_FAST_MATH = YES;
				SDKROOT = iphoneos;
				SWIFT_COMPILATION_MODE = wholemodule;
				SWIFT_OPTIMIZATION_LEVEL = "-O";
				VALIDATE_PRODUCT = YES;
			};
			name = Release;
		};
		8480C75D28F64A3100A42B45 /* Debug */ = {
			isa = XCBuildConfiguration;
			buildSettings = {
				ASSETCATALOG_COMPILER_APPICON_NAME = AppIcon;
				ASSETCATALOG_COMPILER_GLOBAL_ACCENT_COLOR_NAME = AccentColor;
				CODE_SIGN_STYLE = Automatic;
				CURRENT_PROJECT_VERSION = 1;
				DEVELOPMENT_TEAM = A9UMG393DW;
				GENERATE_INFOPLIST_FILE = YES;
				INFOPLIST_FILE = "GitHub Followers/Info.plist";
				INFOPLIST_KEY_UIApplicationSupportsIndirectInputEvents = YES;
				INFOPLIST_KEY_UILaunchStoryboardName = LaunchScreen;
				INFOPLIST_KEY_UISupportedInterfaceOrientations = UIInterfaceOrientationPortrait;
				INFOPLIST_KEY_UISupportedInterfaceOrientations_iPad = "UIInterfaceOrientationPortrait UIInterfaceOrientationPortraitUpsideDown UIInterfaceOrientationLandscapeLeft UIInterfaceOrientationLandscapeRight";
				INFOPLIST_KEY_UISupportedInterfaceOrientations_iPhone = "UIInterfaceOrientationPortrait UIInterfaceOrientationLandscapeLeft UIInterfaceOrientationLandscapeRight";
				LD_RUNPATH_SEARCH_PATHS = (
					"$(inherited)",
					"@executable_path/Frameworks",
				);
				MARKETING_VERSION = 1.0;
				PRODUCT_BUNDLE_IDENTIFIER = "com.mcewantech.GitHub-Followers";
				PRODUCT_NAME = "$(TARGET_NAME)";
				SWIFT_EMIT_LOC_STRINGS = YES;
				SWIFT_VERSION = 5.0;
				TARGETED_DEVICE_FAMILY = 1;
			};
			name = Debug;
		};
		8480C75E28F64A3100A42B45 /* Release */ = {
			isa = XCBuildConfiguration;
			buildSettings = {
				ASSETCATALOG_COMPILER_APPICON_NAME = AppIcon;
				ASSETCATALOG_COMPILER_GLOBAL_ACCENT_COLOR_NAME = AccentColor;
				CODE_SIGN_STYLE = Automatic;
				CURRENT_PROJECT_VERSION = 1;
				DEVELOPMENT_TEAM = A9UMG393DW;
				GENERATE_INFOPLIST_FILE = YES;
				INFOPLIST_FILE = "GitHub Followers/Info.plist";
				INFOPLIST_KEY_UIApplicationSupportsIndirectInputEvents = YES;
				INFOPLIST_KEY_UILaunchStoryboardName = LaunchScreen;
				INFOPLIST_KEY_UISupportedInterfaceOrientations = UIInterfaceOrientationPortrait;
				INFOPLIST_KEY_UISupportedInterfaceOrientations_iPad = "UIInterfaceOrientationPortrait UIInterfaceOrientationPortraitUpsideDown UIInterfaceOrientationLandscapeLeft UIInterfaceOrientationLandscapeRight";
				INFOPLIST_KEY_UISupportedInterfaceOrientations_iPhone = "UIInterfaceOrientationPortrait UIInterfaceOrientationLandscapeLeft UIInterfaceOrientationLandscapeRight";
				LD_RUNPATH_SEARCH_PATHS = (
					"$(inherited)",
					"@executable_path/Frameworks",
				);
				MARKETING_VERSION = 1.0;
				PRODUCT_BUNDLE_IDENTIFIER = "com.mcewantech.GitHub-Followers";
				PRODUCT_NAME = "$(TARGET_NAME)";
				SWIFT_EMIT_LOC_STRINGS = YES;
				SWIFT_VERSION = 5.0;
				TARGETED_DEVICE_FAMILY = 1;
			};
			name = Release;
		};
/* End XCBuildConfiguration section */

/* Begin XCConfigurationList section */
		8480C74328F64A3000A42B45 /* Build configuration list for PBXProject "GitHub Followers" */ = {
			isa = XCConfigurationList;
			buildConfigurations = (
				8480C75A28F64A3100A42B45 /* Debug */,
				8480C75B28F64A3100A42B45 /* Release */,
			);
			defaultConfigurationIsVisible = 0;
			defaultConfigurationName = Release;
		};
		8480C75C28F64A3100A42B45 /* Build configuration list for PBXNativeTarget "GitHub Followers" */ = {
			isa = XCConfigurationList;
			buildConfigurations = (
				8480C75D28F64A3100A42B45 /* Debug */,
				8480C75E28F64A3100A42B45 /* Release */,
			);
			defaultConfigurationIsVisible = 0;
			defaultConfigurationName = Release;
		};
/* End XCConfigurationList section */
	};
	rootObject = 8480C74028F64A3000A42B45 /* Project object */;
}
